
Microsoft Visual Studio Solution File, Format Version 12.00
# Visual Studio Version 17
VisualStudioVersion = 17.14.35906.104 d17.14
MinimumVisualStudioVersion = 10.0.40219.1
Project("{FAE04EC0-301F-11D3-BF4B-00C04F79EFBC}") = "01-RestWithASP-NET-8", "01-RestWithASP-NET-8\01-RestWithASP-NET-8.csproj", "{D29AF70F-9F20-433A-8B48-101188A615DB}"
EndProject
Global
	GlobalSection(SolutionConfigurationPlatforms) = preSolution
		Debug|Any CPU = Debug|Any CPU
		Release|Any CPU = Release|Any CPU
	EndGlobalSection
	GlobalSection(ProjectConfigurationPlatforms) = postSolution
		{D29AF70F-9F20-433A-8B48-101188A615DB}.Debug|Any CPU.ActiveCfg = Debug|Any CPU
		{D29AF70F-9F20-433A-8B48-101188A615DB}.Debug|Any CPU.Build.0 = Debug|Any CPU
		{D29AF70F-9F20-433A-8B48-101188A615DB}.Release|Any CPU.ActiveCfg = Release|Any CPU
		{D29AF70F-9F20-433A-8B48-101188A615DB}.Release|Any CPU.Build.0 = Release|Any CPU
	EndGlobalSection
	GlobalSection(SolutionProperties) = preSolution
		HideSolutionNode = FALSE
	EndGlobalSection
	GlobalSection(ExtensibilityGlobals) = postSolution
		SolutionGuid = {11973714-B5EB-4A6F-A2EF-A07A29E33DC0}
	EndGlobalSection
EndGlobal
