
Microsoft Visual Studio Solution File, Format Version 12.00
# Visual Studio Version 17
VisualStudioVersion = 17.14.35906.104 d17.14
MinimumVisualStudioVersion = 10.0.40219.1
Project("{FAE04EC0-301F-11D3-BF4B-00C04F79EFBC}") = "02-RestWithASP-NET-8-Calculator", "02-RestWithASP-NET-8-Calculator\02-RestWithASP-NET-8-Calculator.csproj", "{446E0913-09D3-4731-A09D-523B2FA2DE4D}"
EndProject
Global
	GlobalSection(SolutionConfigurationPlatforms) = preSolution
		Debug|Any CPU = Debug|Any CPU
		Release|Any CPU = Release|Any CPU
	EndGlobalSection
	GlobalSection(ProjectConfigurationPlatforms) = postSolution
		{446E0913-09D3-4731-A09D-523B2FA2DE4D}.Debug|Any CPU.ActiveCfg = Debug|Any CPU
		{446E0913-09D3-4731-A09D-523B2FA2DE4D}.Debug|Any CPU.Build.0 = Debug|Any CPU
		{446E0913-09D3-4731-A09D-523B2FA2DE4D}.Release|Any CPU.ActiveCfg = Release|Any CPU
		{446E0913-09D3-4731-A09D-523B2FA2DE4D}.Release|Any CPU.Build.0 = Release|Any CPU
	EndGlobalSection
	GlobalSection(SolutionProperties) = preSolution
		HideSolutionNode = FALSE
	EndGlobalSection
	GlobalSection(ExtensibilityGlobals) = postSolution
		SolutionGuid = {BA0DAD24-7197-46DA-B291-AEFA4F2EF393}
	EndGlobalSection
EndGlobal
